
Microsoft Visual Studio Solution File, Format Version 12.00
# Visual Studio 15
VisualStudioVersion = 15.0.27004.2008
MinimumVisualStudioVersion = 10.0.40219.1
Project("{FAE04EC0-301F-11D3-BF4B-00C04F79EFBC}") = "ApnaGhar", "ApnaGhar\ApnaGhar.csproj", "{3B034366-65C7-4EC3-A7EF-C439118033EA}"
EndProject
Project("{FAE04EC0-301F-11D3-BF4B-00C04F79EFBC}") = "ApnaGhar.DataAccessLibrary", "ApnaGhar.DataAccessLibrary\ApnaGhar.DataAccessLibrary.csproj", "{894459C8-2F8A-40EC-9C2E-53023868901D}"
EndProject
Project("{FAE04EC0-301F-11D3-BF4B-00C04F79EFBC}") = "ApnaGhar.BusinessLogicLibrary", "ApnaGhar.BusinessLogicLibrary\ApnaGhar.BusinessLogicLibrary.csproj", "{F3CFB2DD-3925-41A6-A651-991FA7F1F8DD}"
EndProject
Project("{FAE04EC0-301F-11D3-BF4B-00C04F79EFBC}") = "ApnaGhar.Interfaces", "ApnaGhar.Interfaces\ApnaGhar.Interfaces.csproj", "{96839BE6-0869-47A5-AE83-7A79642491DD}"
EndProject
Project("{FAE04EC0-301F-11D3-BF4B-00C04F79EFBC}") = "ApnaGhar.DataTransferObjects", "ApnaGhar.DataTransferObjects\ApnaGhar.DataTransferObjects.csproj", "{4805C039-99FE-4917-9D3E-E4CA263CA976}"
EndProject
Global
	GlobalSection(SolutionConfigurationPlatforms) = preSolution
		Debug|Any CPU = Debug|Any CPU
		Release|Any CPU = Release|Any CPU
	EndGlobalSection
	GlobalSection(ProjectConfigurationPlatforms) = postSolution
		{3B034366-65C7-4EC3-A7EF-C439118033EA}.Debug|Any CPU.ActiveCfg = Debug|Any CPU
		{3B034366-65C7-4EC3-A7EF-C439118033EA}.Debug|Any CPU.Build.0 = Debug|Any CPU
		{3B034366-65C7-4EC3-A7EF-C439118033EA}.Release|Any CPU.ActiveCfg = Release|Any CPU
		{3B034366-65C7-4EC3-A7EF-C439118033EA}.Release|Any CPU.Build.0 = Release|Any CPU
		{894459C8-2F8A-40EC-9C2E-53023868901D}.Debug|Any CPU.ActiveCfg = Debug|Any CPU
		{894459C8-2F8A-40EC-9C2E-53023868901D}.Debug|Any CPU.Build.0 = Debug|Any CPU
		{894459C8-2F8A-40EC-9C2E-53023868901D}.Release|Any CPU.ActiveCfg = Release|Any CPU
		{894459C8-2F8A-40EC-9C2E-53023868901D}.Release|Any CPU.Build.0 = Release|Any CPU
		{F3CFB2DD-3925-41A6-A651-991FA7F1F8DD}.Debug|Any CPU.ActiveCfg = Debug|Any CPU
		{F3CFB2DD-3925-41A6-A651-991FA7F1F8DD}.Debug|Any CPU.Build.0 = Debug|Any CPU
		{F3CFB2DD-3925-41A6-A651-991FA7F1F8DD}.Release|Any CPU.ActiveCfg = Release|Any CPU
		{F3CFB2DD-3925-41A6-A651-991FA7F1F8DD}.Release|Any CPU.Build.0 = Release|Any CPU
		{96839BE6-0869-47A5-AE83-7A79642491DD}.Debug|Any CPU.ActiveCfg = Debug|Any CPU
		{96839BE6-0869-47A5-AE83-7A79642491DD}.Debug|Any CPU.Build.0 = Debug|Any CPU
		{96839BE6-0869-47A5-AE83-7A79642491DD}.Release|Any CPU.ActiveCfg = Release|Any CPU
		{96839BE6-0869-47A5-AE83-7A79642491DD}.Release|Any CPU.Build.0 = Release|Any CPU
		{4805C039-99FE-4917-9D3E-E4CA263CA976}.Debug|Any CPU.ActiveCfg = Debug|Any CPU
		{4805C039-99FE-4917-9D3E-E4CA263CA976}.Debug|Any CPU.Build.0 = Debug|Any CPU
		{4805C039-99FE-4917-9D3E-E4CA263CA976}.Release|Any CPU.ActiveCfg = Release|Any CPU
		{4805C039-99FE-4917-9D3E-E4CA263CA976}.Release|Any CPU.Build.0 = Release|Any CPU
	EndGlobalSection
	GlobalSection(SolutionProperties) = preSolution
		HideSolutionNode = FALSE
	EndGlobalSection
	GlobalSection(ExtensibilityGlobals) = postSolution
		SolutionGuid = {F29D0B25-4E81-46CA-B39B-31B54C22E920}
	EndGlobalSection
EndGlobal
